# THIS IS AN AUTOGENERATED FILE. DO NOT EDIT THIS FILE DIRECTLY.
# yarn lockfile v1


commander@^2.17.1:
  version "2.20.3"
  resolved "https://registry.yarnpkg.com/commander/-/commander-2.20.3.tgz#fd485e84c03eb4881c20722ba48035e8531aeb33"
  integrity sha512-GpVkmM8vF2vQUkj2LvZmD35JxeJOLCwJ9cUkugyk2nuhbv3+mJvpLYYt+0+USMxE+oj+ey/lJEnhZw75x/OMcQ==

detect-element-overflow@^1.2.0:
  version "1.2.0"
  resolved "https://registry.yarnpkg.com/detect-element-overflow/-/detect-element-overflow-1.2.0.tgz#86e504292ffedc3aef813395fbdf0261aaf6afa9"
  integrity sha512-Jtr9ivYPhpd9OJux+hjL0QjUKiS1Ghgy8tvIufUjFslQgIWvgGr4mn57H190APbKkiOmXnmtMI6ytaKzMusecg==

lorem-ipsum@^2.0.3:
  version "2.0.3"
  resolved "https://registry.yarnpkg.com/lorem-ipsum/-/lorem-ipsum-2.0.3.tgz#9f1fa634780c9f58a349d4e091c3ba74f733164e"
  integrity sha512-CX2r84DMWjW/DWiuzicTI9aRaJPAw2cvAGMJYZh/nx12OkTGqloj8y8FU0S8ZkKwOdqhfxEA6Ly8CW2P6Yxjwg==
  dependencies:
    commander "^2.17.1"
